// !$*UTF8*$!
{
	archiveVersion = 1;
	classes = {
	};
	objectVersion = 56;
	objects = {

/* Begin PBXBuildFile section */
		9EE6979B3E27A6C5104D004A /* TeslaMIDIApp.swift in Sources */ = {isa = PBXBuildFile; fileRef = 3FAFF4AA96D37A7368745D65 /* TeslaMIDIApp.swift */; };
		46DB75625712064E34BC9E9D /* MIDITrackInfo.swift in Sources */ = {isa = PBXBuildFile; fileRef = 2DC1B39E2308FCA01DD4CD90 /* MIDITrackInfo.swift */; };
		83A9AD1062CF92E35C0BA1CB /* MIDIParser.swift in Sources */ = {isa = PBXBuildFile; fileRef = CB371734301F34837B50F625 /* MIDIParser.swift */; };
		82F0108CC8ED666F8AC4E280 /* BluetoothService.swift in Sources */ = {isa = PBXBuildFile; fileRef = 6AFE2A844DEA556FB5E312F8 /* BluetoothService.swift */; };
		F8DFF1382E2F1C17B3CE205D /* MIDIPlaybackEngine.swift in Sources */ = {isa = PBXBuildFile; fileRef = 0CFB585E744464651B8FC862 /* MIDIPlaybackEngine.swift */; };
		2281130670330A751B91DAB3 /* SongStorageService.swift in Sources */ = {isa = PBXBuildFile; fileRef = DEEF6C6DE3351ED1BD98DCF4 /* SongStorageService.swift */; };
		F428616222C765615FD30ED7 /* AudioToneSynthesizer.swift in Sources */ = {isa = PBXBuildFile; fileRef = 1AF14852F415FE6D5FADBBD7 /* AudioToneSynthesizer.swift */; };
		95FD9077DC972C19F457595B /* ContentView.swift in Sources */ = {isa = PBXBuildFile; fileRef = 13C58B582319032E80BE2E97 /* ContentView.swift */; };
		468BEE59AC5018C528DC4317 /* SongListView.swift in Sources */ = {isa = PBXBuildFile; fileRef = BAA568E0D94DA955F92E876C /* SongListView.swift */; };
		E1F1B03AB794623E8AD6EBEB /* TrackSelectorView.swift in Sources */ = {isa = PBXBuildFile; fileRef = 11F42A2FD609BA74084B78F7 /* TrackSelectorView.swift */; };
		F8F053EF52973EA1F35668DB /* BluetoothModalView.swift in Sources */ = {isa = PBXBuildFile; fileRef = F7071E2380A22A3F47DCB755 /* BluetoothModalView.swift */; };
		557BFF5FB01190550BCE6A9E /* SettingsView.swift in Sources */ = {isa = PBXBuildFile; fileRef = 3F44895E4A107F6CE8EA14E2 /* SettingsView.swift */; };
		C71767F63CFB08579ADD5206 /* Assets.xcassets in Resources */ = {isa = PBXBuildFile; fileRef = 43D5234F60C1355E45B15BBB /* Assets.xcassets */; };
		ED6822C8C4E2FE4688C07FEF /* CoreBluetooth.framework in Frameworks */ = {isa = PBXBuildFile; fileRef = 2D6A083F52B30BB0CE69C409 /* CoreBluetooth.framework */; };
		6740F193CF212BC1169EB444 /* AVFoundation.framework in Frameworks */ = {isa = PBXBuildFile; fileRef = BF7D85D5EA21301DB24CCD90 /* AVFoundation.framework */; };
		6BBDE3AD3B53A3C59D67D9D6 /* ACDC.mid in Resources */ = {isa = PBXBuildFile; fileRef = 9FBFE5B66A37FAF5DB840FEF /* ACDC.mid */; };
		21BAE8CB5D7840A7D85BFB44 /* Avast.mid in Resources */ = {isa = PBXBuildFile; fileRef = 30EE30E2C6ECC9120D4FD3E9 /* Avast.mid */; };
		CA769528EA35F144FD514FD9 /* Axel.mid in Resources */ = {isa = PBXBuildFile; fileRef = 7B214B7A9E10E3A8CE22253F /* Axel.mid */; };
		90E1A76D4E98647BCE39BA1A /* Bach_Toccata.mid in Resources */ = {isa = PBXBuildFile; fileRef = 4AD8EFEDAE00A99106F224C2 /* Bach_Toccata.mid */; };
		01A9091895CE50F59143FD35 /* Bamba.mid in Resources */ = {isa = PBXBuildFile; fileRef = 58AA84AFF57E867BCEE57F5E /* Bamba.mid */; };
		D8DB8EAA7561A009E36F0DA1 /* CoB.mid in Resources */ = {isa = PBXBuildFile; fileRef = 060A44FA7EAA6527D4CCFB5D /* CoB.mid */; };
		F4FE7B5FA5636AD26CC8F38A /* CoffinD.mid in Resources */ = {isa = PBXBuildFile; fileRef = F4CAF14AFF166C2CAB04DD49 /* CoffinD.mid */; };
		4194D0374C30D1D561EC4310 /* EpicS.mid in Resources */ = {isa = PBXBuildFile; fileRef = 89DE49BC572086AC918FB124 /* EpicS.mid */; };
		0CB7B3706BCA9A1BA22B39A8 /* Ezio.mid in Resources */ = {isa = PBXBuildFile; fileRef = A4B022B8237B81FFCB13B6CD /* Ezio.mid */; };
		F83C7AFA526816D884DC55C4 /* Fur_Elise.mid in Resources */ = {isa = PBXBuildFile; fileRef = A76729DE0882EB24F581EE3C /* Fur_Elise.mid */; };
		881B25C687E0D0CCF146675E /* GhostB.mid in Resources */ = {isa = PBXBuildFile; fileRef = D88A86F59D241565BF52F5D6 /* GhostB.mid */; };
		89ECD34E27C602BB5D446A57 /* HarryP.mid in Resources */ = {isa = PBXBuildFile; fileRef = A1DAAD83CB1327EE2348FC75 /* HarryP.mid */; };
		3BEE4077A314021F77404C16 /* Insomnia.mid in Resources */ = {isa = PBXBuildFile; fileRef = A561C5530A2E1EE46B1C3735 /* Insomnia.mid */; };
		F36A31836C89FF18F1743091 /* Inter.mid in Resources */ = {isa = PBXBuildFile; fileRef = 3D54D5FB1199CDFA212F10FE /* Inter.mid */; };
		68A793485C5BA58CF0D902D0 /* LPolkka.mid in Resources */ = {isa = PBXBuildFile; fileRef = CC7521675403AE5DF58F5BAD /* LPolkka.mid */; };
		DA157F8D5843202333A48789 /* Mario_Theme.mid in Resources */ = {isa = PBXBuildFile; fileRef = 9B87F78CF1BB89D90D0F099B /* Mario_Theme.mid */; };
		86F47A351C56360282240128 /* PoC.mid in Resources */ = {isa = PBXBuildFile; fileRef = 4D0C16D030AE90F8EA48D309 /* PoC.mid */; };
		E2255F0F53E1A691888671CE /* RoL.mid in Resources */ = {isa = PBXBuildFile; fileRef = B13FB234D7361E61BBB25968 /* RoL.mid */; };
		6651B26877F3A4B308AB306C /* RoL_B.mid in Resources */ = {isa = PBXBuildFile; fileRef = F065539936927413CF41DE70 /* RoL_B.mid */; };
		56F966FEF82E4CC911F85BBB /* RoL_P.mid in Resources */ = {isa = PBXBuildFile; fileRef = 540C13D8FAC4CFD19EDE3FE4 /* RoL_P.mid */; };
		D39D08CCD480929F377861F4 /* SMB.mid in Resources */ = {isa = PBXBuildFile; fileRef = A76B53D0637B66C75442CCE0 /* SMB.mid */; };
		87B6B89ABB370FAF18FEC17E /* SSS.mid in Resources */ = {isa = PBXBuildFile; fileRef = B9C277EAE6299507BC217915 /* SSS.mid */; };
		0E0BE0069DAEDACAA5579B6F /* Tarant.mid in Resources */ = {isa = PBXBuildFile; fileRef = B4913DAE71F15573E3524BB1 /* Tarant.mid */; };
		3B00ECB0A08EFA5C5D765D4C /* Tetris.mid in Resources */ = {isa = PBXBuildFile; fileRef = 1AB41EB21F3D4C81C75433BF /* Tetris.mid */; };
		330C10A13A914D02EC4339F2 /* furE.mid in Resources */ = {isa = PBXBuildFile; fileRef = D544BD7715278A25548364C5 /* furE.mid */; };
		C148E1F7230E4304652BD236 /* pig_T.mid in Resources */ = {isa = PBXBuildFile; fileRef = 41C55D4EF9D02F4E4D920F32 /* pig_T.mid */; };
		ACCDDA9A4117D0E9E7130776 /* rushE.mid in Resources */ = {isa = PBXBuildFile; fileRef = D3B530DA9B081C0E090C8A53 /* rushE.mid */; };
		B9095EEB877CCBFD721092BE /* tlou.mid in Resources */ = {isa = PBXBuildFile; fileRef = 6690B1C0B108C7B141DC895B /* tlou.mid */; };
/* End PBXBuildFile section */

/* Begin PBXFileReference section */
		55FB3ACA092AA555BBCDB703 /* TeslaMIDI.app */ = {isa = PBXFileReference; explicitFileType = wrapper.application; includeInIndex = 0; path = TeslaMIDI.app; sourceTree = BUILT_PRODUCTS_DIR; };
		3FAFF4AA96D37A7368745D65 /* TeslaMIDIApp.swift */ = {isa = PBXFileReference; lastKnownFileType = sourcecode.swift; path = TeslaMIDIApp.swift; sourceTree = "<group>"; };
		2DC1B39E2308FCA01DD4CD90 /* MIDITrackInfo.swift */ = {isa = PBXFileReference; lastKnownFileType = sourcecode.swift; path = MIDITrackInfo.swift; sourceTree = "<group>"; };
		CB371734301F34837B50F625 /* MIDIParser.swift */ = {isa = PBXFileReference; lastKnownFileType = sourcecode.swift; path = MIDIParser.swift; sourceTree = "<group>"; };
		6AFE2A844DEA556FB5E312F8 /* BluetoothService.swift */ = {isa = PBXFileReference; lastKnownFileType = sourcecode.swift; path = BluetoothService.swift; sourceTree = "<group>"; };
		0CFB585E744464651B8FC862 /* MIDIPlaybackEngine.swift */ = {isa = PBXFileReference; lastKnownFileType = sourcecode.swift; path = MIDIPlaybackEngine.swift; sourceTree = "<group>"; };
		DEEF6C6DE3351ED1BD98DCF4 /* SongStorageService.swift */ = {isa = PBXFileReference; lastKnownFileType = sourcecode.swift; path = SongStorageService.swift; sourceTree = "<group>"; };
		1AF14852F415FE6D5FADBBD7 /* AudioToneSynthesizer.swift */ = {isa = PBXFileReference; lastKnownFileType = sourcecode.swift; path = AudioToneSynthesizer.swift; sourceTree = "<group>"; };
		13C58B582319032E80BE2E97 /* ContentView.swift */ = {isa = PBXFileReference; lastKnownFileType = sourcecode.swift; path = ContentView.swift; sourceTree = "<group>"; };
		BAA568E0D94DA955F92E876C /* SongListView.swift */ = {isa = PBXFileReference; lastKnownFileType = sourcecode.swift; path = SongListView.swift; sourceTree = "<group>"; };
		11F42A2FD609BA74084B78F7 /* TrackSelectorView.swift */ = {isa = PBXFileReference; lastKnownFileType = sourcecode.swift; path = TrackSelectorView.swift; sourceTree = "<group>"; };
		F7071E2380A22A3F47DCB755 /* BluetoothModalView.swift */ = {isa = PBXFileReference; lastKnownFileType = sourcecode.swift; path = BluetoothModalView.swift; sourceTree = "<group>"; };
		3F44895E4A107F6CE8EA14E2 /* SettingsView.swift */ = {isa = PBXFileReference; lastKnownFileType = sourcecode.swift; path = SettingsView.swift; sourceTree = "<group>"; };
		0022522074A8F62F590870FB /* Info.plist */ = {isa = PBXFileReference; lastKnownFileType = text.plist.xml; path = Info.plist; sourceTree = "<group>"; };
		43D5234F60C1355E45B15BBB /* Assets.xcassets */ = {isa = PBXFileReference; lastKnownFileType = folder.assetcatalog; path = Assets.xcassets; sourceTree = "<group>"; };
		2D6A083F52B30BB0CE69C409 /* CoreBluetooth.framework */ = {isa = PBXFileReference; lastKnownFileType = wrapper.framework; name = CoreBluetooth.framework; path = System/Library/Frameworks/CoreBluetooth.framework; sourceTree = SDKROOT; };
		BF7D85D5EA21301DB24CCD90 /* AVFoundation.framework */ = {isa = PBXFileReference; lastKnownFileType = wrapper.framework; name = AVFoundation.framework; path = System/Library/Frameworks/AVFoundation.framework; sourceTree = SDKROOT; };
		9FBFE5B66A37FAF5DB840FEF /* ACDC.mid */ = {isa = PBXFileReference; lastKnownFileType = audio.midi; path = "ACDC.mid"; sourceTree = "<group>"; };
		30EE30E2C6ECC9120D4FD3E9 /* Avast.mid */ = {isa = PBXFileReference; lastKnownFileType = audio.midi; path = "Avast.mid"; sourceTree = "<group>"; };
		7B214B7A9E10E3A8CE22253F /* Axel.mid */ = {isa = PBXFileReference; lastKnownFileType = audio.midi; path = "Axel.mid"; sourceTree = "<group>"; };
		4AD8EFEDAE00A99106F224C2 /* Bach_Toccata.mid */ = {isa = PBXFileReference; lastKnownFileType = audio.midi; path = "Bach_Toccata.mid"; sourceTree = "<group>"; };
		58AA84AFF57E867BCEE57F5E /* Bamba.mid */ = {isa = PBXFileReference; lastKnownFileType = audio.midi; path = "Bamba.mid"; sourceTree = "<group>"; };
		060A44FA7EAA6527D4CCFB5D /* CoB.mid */ = {isa = PBXFileReference; lastKnownFileType = audio.midi; path = "CoB.mid"; sourceTree = "<group>"; };
		F4CAF14AFF166C2CAB04DD49 /* CoffinD.mid */ = {isa = PBXFileReference; lastKnownFileType = audio.midi; path = "CoffinD.mid"; sourceTree = "<group>"; };
		89DE49BC572086AC918FB124 /* EpicS.mid */ = {isa = PBXFileReference; lastKnownFileType = audio.midi; path = "EpicS.mid"; sourceTree = "<group>"; };
		A4B022B8237B81FFCB13B6CD /* Ezio.mid */ = {isa = PBXFileReference; lastKnownFileType = audio.midi; path = "Ezio.mid"; sourceTree = "<group>"; };
		A76729DE0882EB24F581EE3C /* Fur_Elise.mid */ = {isa = PBXFileReference; lastKnownFileType = audio.midi; path = "Fur_Elise.mid"; sourceTree = "<group>"; };
		D88A86F59D241565BF52F5D6 /* GhostB.mid */ = {isa = PBXFileReference; lastKnownFileType = audio.midi; path = "GhostB.mid"; sourceTree = "<group>"; };
		A1DAAD83CB1327EE2348FC75 /* HarryP.mid */ = {isa = PBXFileReference; lastKnownFileType = audio.midi; path = "HarryP.mid"; sourceTree = "<group>"; };
		A561C5530A2E1EE46B1C3735 /* Insomnia.mid */ = {isa = PBXFileReference; lastKnownFileType = audio.midi; path = "Insomnia.mid"; sourceTree = "<group>"; };
		3D54D5FB1199CDFA212F10FE /* Inter.mid */ = {isa = PBXFileReference; lastKnownFileType = audio.midi; path = "Inter.mid"; sourceTree = "<group>"; };
		CC7521675403AE5DF58F5BAD /* LPolkka.mid */ = {isa = PBXFileReference; lastKnownFileType = audio.midi; path = "LPolkka.mid"; sourceTree = "<group>"; };
		9B87F78CF1BB89D90D0F099B /* Mario_Theme.mid */ = {isa = PBXFileReference; lastKnownFileType = audio.midi; path = "Mario_Theme.mid"; sourceTree = "<group>"; };
		4D0C16D030AE90F8EA48D309 /* PoC.mid */ = {isa = PBXFileReference; lastKnownFileType = audio.midi; path = "PoC.mid"; sourceTree = "<group>"; };
		B13FB234D7361E61BBB25968 /* RoL.mid */ = {isa = PBXFileReference; lastKnownFileType = audio.midi; path = "RoL.mid"; sourceTree = "<group>"; };
		F065539936927413CF41DE70 /* RoL_B.mid */ = {isa = PBXFileReference; lastKnownFileType = audio.midi; path = "RoL_B.mid"; sourceTree = "<group>"; };
		540C13D8FAC4CFD19EDE3FE4 /* RoL_P.mid */ = {isa = PBXFileReference; lastKnownFileType = audio.midi; path = "RoL_P.mid"; sourceTree = "<group>"; };
		A76B53D0637B66C75442CCE0 /* SMB.mid */ = {isa = PBXFileReference; lastKnownFileType = audio.midi; path = "SMB.mid"; sourceTree = "<group>"; };
		B9C277EAE6299507BC217915 /* SSS.mid */ = {isa = PBXFileReference; lastKnownFileType = audio.midi; path = "SSS.mid"; sourceTree = "<group>"; };
		B4913DAE71F15573E3524BB1 /* Tarant.mid */ = {isa = PBXFileReference; lastKnownFileType = audio.midi; path = "Tarant.mid"; sourceTree = "<group>"; };
		1AB41EB21F3D4C81C75433BF /* Tetris.mid */ = {isa = PBXFileReference; lastKnownFileType = audio.midi; path = "Tetris.mid"; sourceTree = "<group>"; };
		D544BD7715278A25548364C5 /* furE.mid */ = {isa = PBXFileReference; lastKnownFileType = audio.midi; path = "furE.mid"; sourceTree = "<group>"; };
		41C55D4EF9D02F4E4D920F32 /* pig_T.mid */ = {isa = PBXFileReference; lastKnownFileType = audio.midi; path = "pig_T.mid"; sourceTree = "<group>"; };
		D3B530DA9B081C0E090C8A53 /* rushE.mid */ = {isa = PBXFileReference; lastKnownFileType = audio.midi; path = "rushE.mid"; sourceTree = "<group>"; };
		6690B1C0B108C7B141DC895B /* tlou.mid */ = {isa = PBXFileReference; lastKnownFileType = audio.midi; path = "tlou.mid"; sourceTree = "<group>"; };
/* End PBXFileReference section */

/* Begin PBXFrameworksBuildPhase section */
		35C06362E26B4F8A23372065 /* Frameworks */ = {
			isa = PBXFrameworksBuildPhase;
			buildActionMask = 2147483647;
			files = (
				ED6822C8C4E2FE4688C07FEF /* CoreBluetooth.framework in Frameworks */,
				6740F193CF212BC1169EB444 /* AVFoundation.framework in Frameworks */,
			);
			runOnlyForDeploymentPostprocessing = 0;
		};
/* End PBXFrameworksBuildPhase section */

/* Begin PBXGroup section */
		150D40992CF59B79116E6AD4 = {
			isa = PBXGroup;
			children = (
				E1BB6400F96A3A24025D17F8 /* TeslaMIDI */,
				CC7DB394F65A555653CE38E6 /* Frameworks */,
				5908596C640D256FEFBA751D /* Products */,
			);
			sourceTree = "<group>";
		};
		E1BB6400F96A3A24025D17F8 /* TeslaMIDI */ = {
			isa = PBXGroup;
			children = (
				3FAFF4AA96D37A7368745D65 /* TeslaMIDIApp.swift */,
				29A5DCA7FA535D5341DAF987 /* Models */,
				C351B3C2F64018ECFEAA15E0 /* Services */,
				73A92678F78A4FB509D3FA47 /* Views */,
				7102F67AD703CBEFF0508175 /* BundledMIDIs */,
				43D5234F60C1355E45B15BBB /* Assets.xcassets */,
				0022522074A8F62F590870FB /* Info.plist */,
			);
			path = TeslaMIDI;
			sourceTree = "<group>";
		};
		29A5DCA7FA535D5341DAF987 /* Models */ = {
			isa = PBXGroup;
			children = (
				2DC1B39E2308FCA01DD4CD90 /* MIDITrackInfo.swift */,
				CB371734301F34837B50F625 /* MIDIParser.swift */,
			);
			path = Models;
			sourceTree = "<group>";
		};
		C351B3C2F64018ECFEAA15E0 /* Services */ = {
			isa = PBXGroup;
			children = (
				6AFE2A844DEA556FB5E312F8 /* BluetoothService.swift */,
				0CFB585E744464651B8FC862 /* MIDIPlaybackEngine.swift */,
				DEEF6C6DE3351ED1BD98DCF4 /* SongStorageService.swift */,
				1AF14852F415FE6D5FADBBD7 /* AudioToneSynthesizer.swift */,
			);
			path = Services;
			sourceTree = "<group>";
		};
		73A92678F78A4FB509D3FA47 /* Views */ = {
			isa = PBXGroup;
			children = (
				13C58B582319032E80BE2E97 /* ContentView.swift */,
				BAA568E0D94DA955F92E876C /* SongListView.swift */,
				11F42A2FD609BA74084B78F7 /* TrackSelectorView.swift */,
				F7071E2380A22A3F47DCB755 /* BluetoothModalView.swift */,
				3F44895E4A107F6CE8EA14E2 /* SettingsView.swift */,
			);
			path = Views;
			sourceTree = "<group>";
		};
		7102F67AD703CBEFF0508175 /* BundledMIDIs */ = {
			isa = PBXGroup;
			children = (
				9FBFE5B66A37FAF5DB840FEF /* ACDC.mid */,
				30EE30E2C6ECC9120D4FD3E9 /* Avast.mid */,
				7B214B7A9E10E3A8CE22253F /* Axel.mid */,
				4AD8EFEDAE00A99106F224C2 /* Bach_Toccata.mid */,
				58AA84AFF57E867BCEE57F5E /* Bamba.mid */,
				060A44FA7EAA6527D4CCFB5D /* CoB.mid */,
				F4CAF14AFF166C2CAB04DD49 /* CoffinD.mid */,
				89DE49BC572086AC918FB124 /* EpicS.mid */,
				A4B022B8237B81FFCB13B6CD /* Ezio.mid */,
				A76729DE0882EB24F581EE3C /* Fur_Elise.mid */,
				D88A86F59D241565BF52F5D6 /* GhostB.mid */,
				A1DAAD83CB1327EE2348FC75 /* HarryP.mid */,
				A561C5530A2E1EE46B1C3735 /* Insomnia.mid */,
				3D54D5FB1199CDFA212F10FE /* Inter.mid */,
				CC7521675403AE5DF58F5BAD /* LPolkka.mid */,
				9B87F78CF1BB89D90D0F099B /* Mario_Theme.mid */,
				4D0C16D030AE90F8EA48D309 /* PoC.mid */,
				B13FB234D7361E61BBB25968 /* RoL.mid */,
				F065539936927413CF41DE70 /* RoL_B.mid */,
				540C13D8FAC4CFD19EDE3FE4 /* RoL_P.mid */,
				A76B53D0637B66C75442CCE0 /* SMB.mid */,
				B9C277EAE6299507BC217915 /* SSS.mid */,
				B4913DAE71F15573E3524BB1 /* Tarant.mid */,
				1AB41EB21F3D4C81C75433BF /* Tetris.mid */,
				D544BD7715278A25548364C5 /* furE.mid */,
				41C55D4EF9D02F4E4D920F32 /* pig_T.mid */,
				D3B530DA9B081C0E090C8A53 /* rushE.mid */,
				6690B1C0B108C7B141DC895B /* tlou.mid */,
			);
			path = BundledMIDIs;
			sourceTree = "<group>";
		};
		CC7DB394F65A555653CE38E6 /* Frameworks */ = {
			isa = PBXGroup;
			children = (
				2D6A083F52B30BB0CE69C409 /* CoreBluetooth.framework */,
				BF7D85D5EA21301DB24CCD90 /* AVFoundation.framework */,
			);
			name = Frameworks;
			sourceTree = "<group>";
		};
		5908596C640D256FEFBA751D /* Products */ = {
			isa = PBXGroup;
			children = (
				55FB3ACA092AA555BBCDB703 /* TeslaMIDI.app */,
			);
			name = Products;
			sourceTree = "<group>";
		};
/* End PBXGroup section */

/* Begin PBXNativeTarget section */
		3C0BBC16D9F478C121F41377 /* TeslaMIDI */ = {
			isa = PBXNativeTarget;
			buildConfigurationList = D7EB0EA32AF67AC46B6F8AB8 /* Build configuration list for PBXNativeTarget "TeslaMIDI" */;
			buildPhases = (
				E2F97CD3918DAB90598568B0 /* Sources */,
				35C06362E26B4F8A23372065 /* Frameworks */,
				B3809EA7F1EBAB7D89D90E4F /* Resources */,
			);
			buildRules = (
			);
			dependencies = (
			);
			name = TeslaMIDI;
			productName = TeslaMIDI;
			productReference = 55FB3ACA092AA555BBCDB703 /* TeslaMIDI.app */;
			productType = "com.apple.product-type.application";
		};
/* End PBXNativeTarget section */

/* Begin PBXProject section */
		7316CCE32B1469756E74D272 /* Project object */ = {
			isa = PBXProject;
			attributes = {
				BuildIndependentTargetsInParallel = 1;
				LastUpgradeCheck = 1500;
				TargetAttributes = {
					3C0BBC16D9F478C121F41377 = {
						CreatedOnToolsVersion = 15.0;
					};
				};
			};
			buildConfigurationList = 6DEFF2A170E8BBEC26AB817B /* Build configuration list for PBXProject "TeslaMIDI" */;
			compatibilityVersion = "Xcode 14.0";
			developmentRegion = it;
			hasScannedForEncodings = 0;
			knownRegions = (
				it,
				Base,
			);
			mainGroup = 150D40992CF59B79116E6AD4;
			productRefGroup = 5908596C640D256FEFBA751D /* Products */;
			projectDirPath = "";
			projectRoot = "";
			targets = (
				3C0BBC16D9F478C121F41377 /* TeslaMIDI */,
			);
		};
/* End PBXProject section */

/* Begin PBXResourcesBuildPhase section */
		B3809EA7F1EBAB7D89D90E4F /* Resources */ = {
			isa = PBXResourcesBuildPhase;
			buildActionMask = 2147483647;
			files = (
				C71767F63CFB08579ADD5206 /* Assets.xcassets in Resources */,
				6BBDE3AD3B53A3C59D67D9D6 /* ACDC.mid in Resources */,
				21BAE8CB5D7840A7D85BFB44 /* Avast.mid in Resources */,
				CA769528EA35F144FD514FD9 /* Axel.mid in Resources */,
				90E1A76D4E98647BCE39BA1A /* Bach_Toccata.mid in Resources */,
				01A9091895CE50F59143FD35 /* Bamba.mid in Resources */,
				D8DB8EAA7561A009E36F0DA1 /* CoB.mid in Resources */,
				F4FE7B5FA5636AD26CC8F38A /* CoffinD.mid in Resources */,
				4194D0374C30D1D561EC4310 /* EpicS.mid in Resources */,
				0CB7B3706BCA9A1BA22B39A8 /* Ezio.mid in Resources */,
				F83C7AFA526816D884DC55C4 /* Fur_Elise.mid in Resources */,
				881B25C687E0D0CCF146675E /* GhostB.mid in Resources */,
				89ECD34E27C602BB5D446A57 /* HarryP.mid in Resources */,
				3BEE4077A314021F77404C16 /* Insomnia.mid in Resources */,
				F36A31836C89FF18F1743091 /* Inter.mid in Resources */,
				68A793485C5BA58CF0D902D0 /* LPolkka.mid in Resources */,
				DA157F8D5843202333A48789 /* Mario_Theme.mid in Resources */,
				86F47A351C56360282240128 /* PoC.mid in Resources */,
				E2255F0F53E1A691888671CE /* RoL.mid in Resources */,
				6651B26877F3A4B308AB306C /* RoL_B.mid in Resources */,
				56F966FEF82E4CC911F85BBB /* RoL_P.mid in Resources */,
				D39D08CCD480929F377861F4 /* SMB.mid in Resources */,
				87B6B89ABB370FAF18FEC17E /* SSS.mid in Resources */,
				0E0BE0069DAEDACAA5579B6F /* Tarant.mid in Resources */,
				3B00ECB0A08EFA5C5D765D4C /* Tetris.mid in Resources */,
				330C10A13A914D02EC4339F2 /* furE.mid in Resources */,
				C148E1F7230E4304652BD236 /* pig_T.mid in Resources */,
				ACCDDA9A4117D0E9E7130776 /* rushE.mid in Resources */,
				B9095EEB877CCBFD721092BE /* tlou.mid in Resources */,
			);
			runOnlyForDeploymentPostprocessing = 0;
		};
/* End PBXResourcesBuildPhase section */

/* Begin PBXSourcesBuildPhase section */
		E2F97CD3918DAB90598568B0 /* Sources */ = {
			isa = PBXSourcesBuildPhase;
			buildActionMask = 2147483647;
			files = (
				9EE6979B3E27A6C5104D004A /* TeslaMIDIApp.swift in Sources */,
				46DB75625712064E34BC9E9D /* MIDITrackInfo.swift in Sources */,
				83A9AD1062CF92E35C0BA1CB /* MIDIParser.swift in Sources */,
				82F0108CC8ED666F8AC4E280 /* BluetoothService.swift in Sources */,
				F8DFF1382E2F1C17B3CE205D /* MIDIPlaybackEngine.swift in Sources */,
				2281130670330A751B91DAB3 /* SongStorageService.swift in Sources */,
				F428616222C765615FD30ED7 /* AudioToneSynthesizer.swift in Sources */,
				95FD9077DC972C19F457595B /* ContentView.swift in Sources */,
				468BEE59AC5018C528DC4317 /* SongListView.swift in Sources */,
				E1F1B03AB794623E8AD6EBEB /* TrackSelectorView.swift in Sources */,
				F8F053EF52973EA1F35668DB /* BluetoothModalView.swift in Sources */,
				557BFF5FB01190550BCE6A9E /* SettingsView.swift in Sources */,
			);
			runOnlyForDeploymentPostprocessing = 0;
		};
/* End PBXSourcesBuildPhase section */

/* Begin XCBuildConfiguration section */
		E1CEAC0CCE12F372DFD1AA54 /* Debug */ = {
			isa = XCBuildConfiguration;
			buildSettings = {
				ALWAYS_SEARCH_USER_PATHS = NO;
				CLANG_ANALYZER_NONNULL = YES;
				CLANG_ANALYZER_NUMBER_OBJECT_CONVERSION = YES_AGGRESSIVE;
				CLANG_CXX_LANGUAGE_STANDARD = "gnu++20";
				CLANG_ENABLE_MODULES = YES;
				CLANG_ENABLE_OBJC_ARC = YES;
				CLANG_ENABLE_OBJC_WEAK = YES;
				CLANG_WARN_BLOCK_CAPTURE_AUTORELEASING = YES;
				CLANG_WARN_BOOL_CONVERSION = YES;
				CLANG_WARN_COMMA = YES;
				CLANG_WARN_CONSTANT_CONVERSION = YES;
				CLANG_WARN_DEPRECATED_OBJC_IMPLEMENTATIONS = YES;
				CLANG_WARN_DIRECT_OBJC_ISA_USAGE = YES_ERROR;
				CLANG_WARN_DOCUMENTATION_COMMENTS = YES;
				CLANG_WARN_EMPTY_BODY = YES;
				CLANG_WARN_ENUM_CONVERSION = YES;
				CLANG_WARN_INFINITE_RECURSION = YES;
				CLANG_WARN_INT_CONVERSION = YES;
				CLANG_WARN_NON_LITERAL_NULL_CONVERSION = YES;
				CLANG_WARN_OBJC_IMPLICIT_RETAIN_SELF = YES;
				CLANG_WARN_OBJC_LITERAL_CONVERSION = YES;
				CLANG_WARN_OBJC_ROOT_CLASS = YES_ERROR;
				CLANG_WARN_QUOTED_INCLUDE_IN_FRAMEWORK_HEADER = YES;
				CLANG_WARN_RANGE_LOOP_ANALYSIS = YES;
				CLANG_WARN_STRICT_PROTOTYPES = YES;
				CLANG_WARN_SUSPICIOUS_MOVE = YES;
				CLANG_WARN_UNGUARDED_AVAILABILITY = YES_AGGRESSIVE;
				CLANG_WARN_UNREACHABLE_CODE = YES;
				CLANG_WARN__DUPLICATE_METHOD_MATCH = YES;
				COPY_PHASE_STRIP = NO;
				DEBUG_INFORMATION_FORMAT = dwarf;
				ENABLE_STRICT_OBJC_MSGSEND = YES;
				ENABLE_TESTABILITY = YES;
				ENABLE_USER_SCRIPT_SANDBOXING = NO;
				GCC_C_LANGUAGE_STANDARD = gnu11;
				GCC_DYNAMIC_NO_PIC = NO;
				GCC_NO_COMMON_BLOCKS = YES;
				GCC_OPTIMIZATION_LEVEL = 0;
				GCC_PREPROCESSOR_DEFINITIONS = (
					"DEBUG=1",
					"$(inherited)",
				);
				GCC_WARN_64_TO_32_BIT_CONVERSION = YES;
				GCC_WARN_ABOUT_RETURN_TYPE = YES_ERROR;
				GCC_WARN_UNDEFINED_VARIABLES = YES;
				GCC_WARN_UNUSED_FUNCTION = YES;
				GCC_WARN_UNUSED_VARIABLE = YES;
				IPHONEOS_DEPLOYMENT_TARGET = 16.0;
				MTL_ENABLE_DEBUG_INFO = INCLUDE_SOURCE;
				MTL_FAST_MATH = YES;
				ONLY_ACTIVE_ARCH = YES;
				SDKROOT = iphoneos;
				SWIFT_ACTIVE_COMPILATION_CONDITIONS = DEBUG;
				SWIFT_OPTIMIZATION_LEVEL = "-Onone";
			};
			name = Debug;
		};
		0276EA78AE2E29A049C6A599 /* Release */ = {
			isa = XCBuildConfiguration;
			buildSettings = {
				ALWAYS_SEARCH_USER_PATHS = NO;
				CLANG_ANALYZER_NONNULL = YES;
				CLANG_ANALYZER_NUMBER_OBJECT_CONVERSION = YES_AGGRESSIVE;
				CLANG_CXX_LANGUAGE_STANDARD = "gnu++20";
				CLANG_ENABLE_MODULES = YES;
				CLANG_ENABLE_OBJC_ARC = YES;
				CLANG_ENABLE_OBJC_WEAK = YES;
				CLANG_WARN_BLOCK_CAPTURE_AUTORELEASING = YES;
				CLANG_WARN_BOOL_CONVERSION = YES;
				CLANG_WARN_COMMA = YES;
				CLANG_WARN_CONSTANT_CONVERSION = YES;
				CLANG_WARN_DEPRECATED_OBJC_IMPLEMENTATIONS = YES;
				CLANG_WARN_DIRECT_OBJC_ISA_USAGE = YES_ERROR;
				CLANG_WARN_DOCUMENTATION_COMMENTS = YES;
				CLANG_WARN_EMPTY_BODY = YES;
				CLANG_WARN_ENUM_CONVERSION = YES;
				CLANG_WARN_INFINITE_RECURSION = YES;
				CLANG_WARN_INT_CONVERSION = YES;
				CLANG_WARN_NON_LITERAL_NULL_CONVERSION = YES;
				CLANG_WARN_OBJC_IMPLICIT_RETAIN_SELF = YES;
				CLANG_WARN_OBJC_LITERAL_CONVERSION = YES;
				CLANG_WARN_OBJC_ROOT_CLASS = YES_ERROR;
				CLANG_WARN_QUOTED_INCLUDE_IN_FRAMEWORK_HEADER = YES;
				CLANG_WARN_RANGE_LOOP_ANALYSIS = YES;
				CLANG_WARN_STRICT_PROTOTYPES = YES;
				CLANG_WARN_SUSPICIOUS_MOVE = YES;
				CLANG_WARN_UNGUARDED_AVAILABILITY = YES_AGGRESSIVE;
				CLANG_WARN_UNREACHABLE_CODE = YES;
				CLANG_WARN__DUPLICATE_METHOD_MATCH = YES;
				COPY_PHASE_STRIP = NO;
				DEBUG_INFORMATION_FORMAT = "dwarf-with-dsym";
				ENABLE_NS_ASSERTIONS = NO;
				ENABLE_STRICT_OBJC_MSGSEND = YES;
				ENABLE_USER_SCRIPT_SANDBOXING = NO;
				GCC_C_LANGUAGE_STANDARD = gnu11;
				GCC_NO_COMMON_BLOCKS = YES;
				GCC_WARN_64_TO_32_BIT_CONVERSION = YES;
				GCC_WARN_ABOUT_RETURN_TYPE = YES_ERROR;
				GCC_WARN_UNDEFINED_VARIABLES = YES;
				GCC_WARN_UNUSED_FUNCTION = YES;
				GCC_WARN_UNUSED_VARIABLE = YES;
				IPHONEOS_DEPLOYMENT_TARGET = 16.0;
				MTL_ENABLE_DEBUG_INFO = NO;
				MTL_FAST_MATH = YES;
				SDKROOT = iphoneos;
				SWIFT_COMPILATION_MODE = wholemodule;
				SWIFT_OPTIMIZATION_LEVEL = "-O";
				VALIDATE_PRODUCT = YES;
			};
			name = Release;
		};
		7E94D75C5D146DE5F31A6EF8 /* Debug */ = {
			isa = XCBuildConfiguration;
			buildSettings = {
				ASSETCATALOG_COMPILER_APPICON_NAME = AppIcon;
				ASSETCATALOG_COMPILER_GLOBAL_ACCENT_COLOR_NAME = AccentColor;
				CODE_SIGN_IDENTITY = "";
				CODE_SIGN_STYLE = Manual;
				CODE_SIGNING_ALLOWED = NO;
				CODE_SIGNING_REQUIRED = NO;
				CURRENT_PROJECT_VERSION = 1;
				DEVELOPMENT_TEAM = "";
				ENABLE_PREVIEWS = YES;
				GENERATE_INFOPLIST_FILE = NO;
				INFOPLIST_FILE = TeslaMIDI/Info.plist;
				LD_RUNPATH_SEARCH_PATHS = (
					"$(inherited)",
					"@executable_path/Frameworks",
				);
				MARKETING_VERSION = 1.0;
				PRODUCT_BUNDLE_IDENTIFIER = com.teslacoil.teslamidi;
				PRODUCT_NAME = "$(TARGET_NAME)";
				SWIFT_EMIT_LOC_STRINGS = YES;
				SWIFT_VERSION = 5.0;
				TARGETED_DEVICE_FAMILY = "1,2";
			};
			name = Debug;
		};
		A260AFB7E548DA3DD7606435 /* Release */ = {
			isa = XCBuildConfiguration;
			buildSettings = {
				ASSETCATALOG_COMPILER_APPICON_NAME = AppIcon;
				ASSETCATALOG_COMPILER_GLOBAL_ACCENT_COLOR_NAME = AccentColor;
				CODE_SIGN_IDENTITY = "";
				CODE_SIGN_STYLE = Manual;
				CODE_SIGNING_ALLOWED = NO;
				CODE_SIGNING_REQUIRED = NO;
				CURRENT_PROJECT_VERSION = 1;
				DEVELOPMENT_TEAM = "";
				ENABLE_PREVIEWS = YES;
				GENERATE_INFOPLIST_FILE = NO;
				INFOPLIST_FILE = TeslaMIDI/Info.plist;
				LD_RUNPATH_SEARCH_PATHS = (
					"$(inherited)",
					"@executable_path/Frameworks",
				);
				MARKETING_VERSION = 1.0;
				PRODUCT_BUNDLE_IDENTIFIER = com.teslacoil.teslamidi;
				PRODUCT_NAME = "$(TARGET_NAME)";
				SWIFT_EMIT_LOC_STRINGS = YES;
				SWIFT_VERSION = 5.0;
				TARGETED_DEVICE_FAMILY = "1,2";
			};
			name = Release;
		};
/* End XCBuildConfiguration section */

/* Begin XCConfigurationList section */
		6DEFF2A170E8BBEC26AB817B /* Build configuration list for PBXProject "TeslaMIDI" */ = {
			isa = XCConfigurationList;
			buildConfigurations = (
				E1CEAC0CCE12F372DFD1AA54 /* Debug */,
				0276EA78AE2E29A049C6A599 /* Release */,
			);
			defaultConfigurationIsVisible = 0;
			defaultConfigurationName = Release;
		};
		D7EB0EA32AF67AC46B6F8AB8 /* Build configuration list for PBXNativeTarget "TeslaMIDI" */ = {
			isa = XCConfigurationList;
			buildConfigurations = (
				7E94D75C5D146DE5F31A6EF8 /* Debug */,
				A260AFB7E548DA3DD7606435 /* Release */,
			);
			defaultConfigurationIsVisible = 0;
			defaultConfigurationName = Release;
		};
/* End XCConfigurationList section */

	};
	rootObject = 7316CCE32B1469756E74D272 /* Project object */;
}
